// !$*UTF8*$!
{
	archiveVersion = 1;
	classes = {
	};
	objectVersion = 46;
	objects = {

/* Begin PBXBuildFile section */
		8CA796E11DD9961900B26C3F /* main.m in Sources */ = {isa = PBXBuildFile; fileRef = 8CA796E01DD9961900B26C3F /* main.m */; };
		8CA796E41DD9961900B26C3F /* AppDelegate.m in Sources */ = {isa = PBXBuildFile; fileRef = 8CA796E31DD9961900B26C3F /* AppDelegate.m */; };
		8CA796E71DD9961900B26C3F /* ViewController.m in Sources */ = {isa = PBXBuildFile; fileRef = 8CA796E61DD9961900B26C3F /* ViewController.m */; };
		8CA796EA1DD9961900B26C3F /* Main.storyboard in Resources */ = {isa = PBXBuildFile; fileRef = 8CA796E81DD9961900B26C3F /* Main.storyboard */; };
		8CA796EC1DD9961900B26C3F /* Assets.xcassets in Resources */ = {isa = PBXBuildFile; fileRef = 8CA796EB1DD9961900B26C3F /* Assets.xcassets */; };
		8CA796EF1DD9961900B26C3F /* LaunchScreen.storyboard in Resources */ = {isa = PBXBuildFile; fileRef = 8CA796ED1DD9961900B26C3F /* LaunchScreen.storyboard */; };
/* End PBXBuildFile section */

/* Begin PBXFileReference section */
		8CA796DC1DD9961900B26C3F /* Date Picker Demo.app */ = {isa = PBXFileReference; explicitFileType = wrapper.application; includeInIndex = 0; path = "Date Picker Demo.app"; sourceTree = BUILT_PRODUCTS_DIR; };
		8CA796E01DD9961900B26C3F /* main.m */ = {isa = PBXFileReference; lastKnownFileType = sourcecode.c.objc; path = main.m; sourceTree = "<group>"; };
		8CA796E21DD9961900B26C3F /* AppDelegate.h */ = {isa = PBXFileReference; lastKnownFileType = sourcecode.c.h; path = AppDelegate.h; sourceTree = "<group>"; };
		8CA796E31DD9961900B26C3F /* AppDelegate.m */ = {isa = PBXFileReference; lastKnownFileType = sourcecode.c.objc; path = AppDelegate.m; sourceTree = "<group>"; };
		8CA796E51DD9961900B26C3F /* ViewController.h */ = {isa = PBXFileReference; lastKnownFileType = sourcecode.c.h; path = ViewController.h; sourceTree = "<group>"; };
		8CA796E61DD9961900B26C3F /* ViewController.m */ = {isa = PBXFileReference; lastKnownFileType = sourcecode.c.objc; path = ViewController.m; sourceTree = "<group>"; };
		8CA796E91DD9961900B26C3F /* Base */ = {isa = PBXFileReference; lastKnownFileType = file.storyboard; name = Base; path = Base.lproj/Main.storyboard; sourceTree = "<group>"; };
		8CA796EB1DD9961900B26C3F /* Assets.xcassets */ = {isa = PBXFileReference; lastKnownFileType = folder.assetcatalog; path = Assets.xcassets; sourceTree = "<group>"; };
		8CA796EE1DD9961900B26C3F /* Base */ = {isa = PBXFileReference; lastKnownFileType = file.storyboard; name = Base; path = Base.lproj/LaunchScreen.storyboard; sourceTree = "<group>"; };
		8CA796F01DD9961900B26C3F /* Info.plist */ = {isa = PBXFileReference; lastKnownFileType = text.plist.xml; path = Info.plist; sourceTree = "<group>"; };
/* End PBXFileReference section */

/* Begin PBXFrameworksBuildPhase section */
		8CA796D91DD9961900B26C3F /* Frameworks */ = {
			isa = PBXFrameworksBuildPhase;
			buildActionMask = 2147483647;
			files = (
			);
			runOnlyForDeploymentPostprocessing = 0;
		};
/* End PBXFrameworksBuildPhase section */

/* Begin PBXGroup section */
		8CA796D31DD9961900B26C3F = {
			isa = PBXGroup;
			children = (
				8CA796DE1DD9961900B26C3F /* Date Picker Demo */,
				8CA796DD1DD9961900B26C3F /* Products */,
			);
			sourceTree = "<group>";
		};
		8CA796DD1DD9961900B26C3F /* Products */ = {
			isa = PBXGroup;
			children = (
				8CA796DC1DD9961900B26C3F /* Date Picker Demo.app */,
			);
			name = Products;
			sourceTree = "<group>";
		};
		8CA796DE1DD9961900B26C3F /* Date Picker Demo */ = {
			isa = PBXGroup;
			children = (
				8CA796E21DD9961900B26C3F /* AppDelegate.h */,
				8CA796E31DD9961900B26C3F /* AppDelegate.m */,
				8CA796E51DD9961900B26C3F /* ViewController.h */,
				8CA796E61DD9961900B26C3F /* ViewController.m */,
				8CA796E81DD9961900B26C3F /* Main.storyboard */,
				8CA796DF1DD9961900B26C3F /* Supporting Files */,
			);
			path = "Date Picker Demo";
			sourceTree = "<group>";
		};
		8CA796DF1DD9961900B26C3F /* Supporting Files */ = {
			isa = PBXGroup;
			children = (
				8CA796EB1DD9961900B26C3F /* Assets.xcassets */,
				8CA796ED1DD9961900B26C3F /* LaunchScreen.storyboard */,
				8CA796F01DD9961900B26C3F /* Info.plist */,
				8CA796E01DD9961900B26C3F /* main.m */,
			);
			name = "Supporting Files";
			sourceTree = "<group>";
		};
/* End PBXGroup section */

/* Begin PBXNativeTarget section */
		8CA796DB1DD9961900B26C3F /* Date Picker Demo */ = {
			isa = PBXNativeTarget;
			buildConfigurationList = 8CA796F31DD9961900B26C3F /* Build configuration list for PBXNativeTarget "Date Picker Demo" */;
			buildPhases = (
				8CA796D81DD9961900B26C3F /* Sources */,
				8CA796D91DD9961900B26C3F /* Frameworks */,
				8CA796DA1DD9961900B26C3F /* Resources */,
			);
			buildRules = (
			);
			dependencies = (
			);
			name = "Date Picker Demo";
			productName = "Date Picker Demo";
			productReference = 8CA796DC1DD9961900B26C3F /* Date Picker Demo.app */;
			productType = "com.apple.product-type.application";
		};
/* End PBXNativeTarget section */

/* Begin PBXProject section */
		8CA796D41DD9961900B26C3F /* Project object */ = {
			isa = PBXProject;
			attributes = {
				LastUpgradeCheck = 0810;
				ORGANIZATIONNAME = "Sabbir Ahmed";
				TargetAttributes = {
					8CA796DB1DD9961900B26C3F = {
						CreatedOnToolsVersion = 8.1;
						ProvisioningStyle = Automatic;
					};
				};
			};
			buildConfigurationList = 8CA796D71DD9961900B26C3F /* Build configuration list for PBXProject "Date Picker Demo" */;
			compatibilityVersion = "Xcode 3.2";
			developmentRegion = English;
			hasScannedForEncodings = 0;
			knownRegions = (
				en,
				Base,
			);
			mainGroup = 8CA796D31DD9961900B26C3F;
			productRefGroup = 8CA796DD1DD9961900B26C3F /* Products */;
			projectDirPath = "";
			projectRoot = "";
			targets = (
				8CA796DB1DD9961900B26C3F /* Date Picker Demo */,
			);
		};
/* End PBXProject section */

/* Begin PBXResourcesBuildPhase section */
		8CA796DA1DD9961900B26C3F /* Resources */ = {
			isa = PBXResourcesBuildPhase;
			buildActionMask = 2147483647;
			files = (
				8CA796EF1DD9961900B26C3F /* LaunchScreen.storyboard in Resources */,
				8CA796EC1DD9961900B26C3F /* Assets.xcassets in Resources */,
				8CA796EA1DD9961900B26C3F /* Main.storyboard in Resources */,
			);
			runOnlyForDeploymentPostprocessing = 0;
		};
/* End PBXResourcesBuildPhase section */

/* Begin PBXSourcesBuildPhase section */
		8CA796D81DD9961900B26C3F /* Sources */ = {
			isa = PBXSourcesBuildPhase;
			buildActionMask = 2147483647;
			files = (
				8CA796E71DD9961900B26C3F /* ViewController.m in Sources */,
				8CA796E41DD9961900B26C3F /* AppDelegate.m in Sources */,
				8CA796E11DD9961900B26C3F /* main.m in Sources */,
			);
			runOnlyForDeploymentPostprocessing = 0;
		};
/* End PBXSourcesBuildPhase section */

/* Begin PBXVariantGroup section */
		8CA796E81DD9961900B26C3F /* Main.storyboard */ = {
			isa = PBXVariantGroup;
			children = (
				8CA796E91DD9961900B26C3F /* Base */,
			);
			name = Main.storyboard;
			sourceTree = "<group>";
		};
		8CA796ED1DD9961900B26C3F /* LaunchScreen.storyboard */ = {
			isa = PBXVariantGroup;
			children = (
				8CA796EE1DD9961900B26C3F /* Base */,
			);
			name = LaunchScreen.storyboard;
			sourceTree = "<group>";
		};
/* End PBXVariantGroup section */

/* Begin XCBuildConfiguration section */
		8CA796F11DD9961900B26C3F /* Debug */ = {
			isa = XCBuildConfiguration;
			buildSettings = {
				ALWAYS_SEARCH_USER_PATHS = NO;
				CLANG_ANALYZER_NONNULL = YES;
				CLANG_CXX_LANGUAGE_STANDARD = "gnu++0x";
				CLANG_CXX_LIBRARY = "libc++";
				CLANG_ENABLE_MODULES = YES;
				CLANG_ENABLE_OBJC_ARC = YES;
				CLANG_WARN_BOOL_CONVERSION = YES;
				CLANG_WARN_CONSTANT_CONVERSION = YES;
				CLANG_WARN_DIRECT_OBJC_ISA_USAGE = YES_ERROR;
				CLANG_WARN_DOCUMENTATION_COMMENTS = YES;
				CLANG_WARN_EMPTY_BODY = YES;
				CLANG_WARN_ENUM_CONVERSION = YES;
				CLANG_WARN_INFINITE_RECURSION = YES;
				CLANG_WARN_INT_CONVERSION = YES;
				CLANG_WARN_OBJC_ROOT_CLASS = YES_ERROR;
				CLANG_WARN_SUSPICIOUS_MOVES = YES;
				CLANG_WARN_UNREACHABLE_CODE = YES;
				CLANG_WARN__DUPLICATE_METHOD_MATCH = YES;
				"CODE_SIGN_IDENTITY[sdk=iphoneos*]" = "iPhone Developer";
				COPY_PHASE_STRIP = NO;
				DEBUG_INFORMATION_FORMAT = dwarf;
				ENABLE_STRICT_OBJC_MSGSEND = YES;
				ENABLE_TESTABILITY = YES;
				GCC_C_LANGUAGE_STANDARD = gnu99;
				GCC_DYNAMIC_NO_PIC = NO;
				GCC_NO_COMMON_BLOCKS = YES;
				GCC_OPTIMIZATION_LEVEL = 0;
				GCC_PREPROCESSOR_DEFINITIONS = (
					"DEBUG=1",
					"$(inherited)",
				);
				GCC_WARN_64_TO_32_BIT_CONVERSION = YES;
				GCC_WARN_ABOUT_RETURN_TYPE = YES_ERROR;
				GCC_WARN_UNDECLARED_SELECTOR = YES;
				GCC_WARN_UNINITIALIZED_AUTOS = YES_AGGRESSIVE;
				GCC_WARN_UNUSED_FUNCTION = YES;
				GCC_WARN_UNUSED_VARIABLE = YES;
				IPHONEOS_DEPLOYMENT_TARGET = 10.1;
				MTL_ENABLE_DEBUG_INFO = YES;
				ONLY_ACTIVE_ARCH = YES;
				SDKROOT = iphoneos;
				TARGETED_DEVICE_FAMILY = "1,2";
			};
			name = Debug;
		};
		8CA796F21DD9961900B26C3F /* Release */ = {
			isa = XCBuildConfiguration;
			buildSettings = {
				ALWAYS_SEARCH_USER_PATHS = NO;
				CLANG_ANALYZER_NONNULL = YES;
				CLANG_CXX_LANGUAGE_STANDARD = "gnu++0x";
				CLANG_CXX_LIBRARY = "libc++";
				CLANG_ENABLE_MODULES = YES;
				CLANG_ENABLE_OBJC_ARC = YES;
				CLANG_WARN_BOOL_CONVERSION = YES;
				CLANG_WARN_CONSTANT_CONVERSION = YES;
				CLANG_WARN_DIRECT_OBJC_ISA_USAGE = YES_ERROR;
				CLANG_WARN_DOCUMENTATION_COMMENTS = YES;
				CLANG_WARN_EMPTY_BODY = YES;
				CLANG_WARN_ENUM_CONVERSION = YES;
				CLANG_WARN_INFINITE_RECURSION = YES;
				CLANG_WARN_INT_CONVERSION = YES;
				CLANG_WARN_OBJC_ROOT_CLASS = YES_ERROR;
				CLANG_WARN_SUSPICIOUS_MOVES = YES;
				CLANG_WARN_UNREACHABLE_CODE = YES;
				CLANG_WARN__DUPLICATE_METHOD_MATCH = YES;
				"CODE_SIGN_IDENTITY[sdk=iphoneos*]" = "iPhone Developer";
				COPY_PHASE_STRIP = NO;
				DEBUG_INFORMATION_FORMAT = "dwarf-with-dsym";
				ENABLE_NS_ASSERTIONS = NO;
				ENABLE_STRICT_OBJC_MSGSEND = YES;
				GCC_C_LANGUAGE_STANDARD = gnu99;
				GCC_NO_COMMON_BLOCKS = YES;
				GCC_WARN_64_TO_32_BIT_CONVERSION = YES;
				GCC_WARN_ABOUT_RETURN_TYPE = YES_ERROR;
				GCC_WARN_UNDECLARED_SELECTOR = YES;
				GCC_WARN_UNINITIALIZED_AUTOS = YES_AGGRESSIVE;
				GCC_WARN_UNUSED_FUNCTION = YES;
				GCC_WARN_UNUSED_VARIABLE = YES;
				IPHONEOS_DEPLOYMENT_TARGET = 10.1;
				MTL_ENABLE_DEBUG_INFO = NO;
				SDKROOT = iphoneos;
				TARGETED_DEVICE_FAMILY = "1,2";
				VALIDATE_PRODUCT = YES;
			};
			name = Release;
		};
		8CA796F41DD9961900B26C3F /* Debug */ = {
			isa = XCBuildConfiguration;
			buildSettings = {
				ASSETCATALOG_COMPILER_APPICON_NAME = AppIcon;
				INFOPLIST_FILE = "Date Picker Demo/Info.plist";
				LD_RUNPATH_SEARCH_PATHS = "$(inherited) @executable_path/Frameworks";
				PRODUCT_BUNDLE_IDENTIFIER = "Green-IT.Date-Picker-Demo";
				PRODUCT_NAME = "$(TARGET_NAME)";
			};
			name = Debug;
		};
		8CA796F51DD9961900B26C3F /* Release */ = {
			isa = XCBuildConfiguration;
			buildSettings = {
				ASSETCATALOG_COMPILER_APPICON_NAME = AppIcon;
				INFOPLIST_FILE = "Date Picker Demo/Info.plist";
				LD_RUNPATH_SEARCH_PATHS = "$(inherited) @executable_path/Frameworks";
				PRODUCT_BUNDLE_IDENTIFIER = "Green-IT.Date-Picker-Demo";
				PRODUCT_NAME = "$(TARGET_NAME)";
			};
			name = Release;
		};
/* End XCBuildConfiguration section */

/* Begin XCConfigurationList section */
		8CA796D71DD9961900B26C3F /* Build configuration list for PBXProject "Date Picker Demo" */ = {
			isa = XCConfigurationList;
			buildConfigurations = (
				8CA796F11DD9961900B26C3F /* Debug */,
				8CA796F21DD9961900B26C3F /* Release */,
			);
			defaultConfigurationIsVisible = 0;
			defaultConfigurationName = Release;
		};
		8CA796F31DD9961900B26C3F /* Build configuration list for PBXNativeTarget "Date Picker Demo" */ = {
			isa = XCConfigurationList;
			buildConfigurations = (
				8CA796F41DD9961900B26C3F /* Debug */,
				8CA796F51DD9961900B26C3F /* Release */,
			);
			defaultConfigurationIsVisible = 0;
		};
/* End XCConfigurationList section */
	};
	rootObject = 8CA796D41DD9961900B26C3F /* Project object */;
}
